
Microsoft Visual Studio Solution File, Format Version 12.00
# Visual Studio Version 17
VisualStudioVersion = 17.14.36202.13 d17.14
MinimumVisualStudioVersion = 10.0.40219.1
Project("{FAE04EC0-301F-11D3-BF4B-00C04F79EFBC}") = "Ejercicio 4", "Ejercicio 4\Ejercicio 4.csproj", "{04D035F6-E41D-41A2-9FBF-4B5822535748}"
EndProject
Global
	GlobalSection(SolutionConfigurationPlatforms) = preSolution
		Debug|Any CPU = Debug|Any CPU
		Release|Any CPU = Release|Any CPU
	EndGlobalSection
	GlobalSection(ProjectConfigurationPlatforms) = postSolution
		{04D035F6-E41D-41A2-9FBF-4B5822535748}.Debug|Any CPU.ActiveCfg = Debug|Any CPU
		{04D035F6-E41D-41A2-9FBF-4B5822535748}.Debug|Any CPU.Build.0 = Debug|Any CPU
		{04D035F6-E41D-41A2-9FBF-4B5822535748}.Release|Any CPU.ActiveCfg = Release|Any CPU
		{04D035F6-E41D-41A2-9FBF-4B5822535748}.Release|Any CPU.Build.0 = Release|Any CPU
	EndGlobalSection
	GlobalSection(SolutionProperties) = preSolution
		HideSolutionNode = FALSE
	EndGlobalSection
	GlobalSection(ExtensibilityGlobals) = postSolution
		SolutionGuid = {0654B595-217E-40C2-902C-C0369AB5721F}
	EndGlobalSection
EndGlobal
