
Microsoft Visual Studio Solution File, Format Version 12.00
# Visual Studio Version 17
VisualStudioVersion = 17.14.36202.13 d17.14
MinimumVisualStudioVersion = 10.0.40219.1
Project("{FAE04EC0-301F-11D3-BF4B-00C04F79EFBC}") = "Ejercicio", "Ejercicio\Ejercicio.csproj", "{95072601-83BA-40A7-859E-449FF6B6C444}"
EndProject
Global
	GlobalSection(SolutionConfigurationPlatforms) = preSolution
		Debug|Any CPU = Debug|Any CPU
		Release|Any CPU = Release|Any CPU
	EndGlobalSection
	GlobalSection(ProjectConfigurationPlatforms) = postSolution
		{95072601-83BA-40A7-859E-449FF6B6C444}.Debug|Any CPU.ActiveCfg = Debug|Any CPU
		{95072601-83BA-40A7-859E-449FF6B6C444}.Debug|Any CPU.Build.0 = Debug|Any CPU
		{95072601-83BA-40A7-859E-449FF6B6C444}.Release|Any CPU.ActiveCfg = Release|Any CPU
		{95072601-83BA-40A7-859E-449FF6B6C444}.Release|Any CPU.Build.0 = Release|Any CPU
	EndGlobalSection
	GlobalSection(SolutionProperties) = preSolution
		HideSolutionNode = FALSE
	EndGlobalSection
	GlobalSection(ExtensibilityGlobals) = postSolution
		SolutionGuid = {6FDA560F-B37E-45D9-BC35-F023B1EAD323}
	EndGlobalSection
EndGlobal
