
Microsoft Visual Studio Solution File, Format Version 12.00
# Visual Studio Version 17
VisualStudioVersion = 17.14.36202.13 d17.14
MinimumVisualStudioVersion = 10.0.40219.1
Project("{FAE04EC0-301F-11D3-BF4B-00C04F79EFBC}") = "Ejercicio 16", "Ejercicio 16\Ejercicio 16.csproj", "{0CEEF7D9-0217-43A2-A2E8-F0504FB4FB96}"
EndProject
Global
	GlobalSection(SolutionConfigurationPlatforms) = preSolution
		Debug|Any CPU = Debug|Any CPU
		Release|Any CPU = Release|Any CPU
	EndGlobalSection
	GlobalSection(ProjectConfigurationPlatforms) = postSolution
		{0CEEF7D9-0217-43A2-A2E8-F0504FB4FB96}.Debug|Any CPU.ActiveCfg = Debug|Any CPU
		{0CEEF7D9-0217-43A2-A2E8-F0504FB4FB96}.Debug|Any CPU.Build.0 = Debug|Any CPU
		{0CEEF7D9-0217-43A2-A2E8-F0504FB4FB96}.Release|Any CPU.ActiveCfg = Release|Any CPU
		{0CEEF7D9-0217-43A2-A2E8-F0504FB4FB96}.Release|Any CPU.Build.0 = Release|Any CPU
	EndGlobalSection
	GlobalSection(SolutionProperties) = preSolution
		HideSolutionNode = FALSE
	EndGlobalSection
	GlobalSection(ExtensibilityGlobals) = postSolution
		SolutionGuid = {133E3E27-83D5-4B2E-B63A-E54ED8A6B5B0}
	EndGlobalSection
EndGlobal
