
Microsoft Visual Studio Solution File, Format Version 12.00
# Visual Studio Version 17
VisualStudioVersion = 17.14.36202.13 d17.14
MinimumVisualStudioVersion = 10.0.40219.1
Project("{FAE04EC0-301F-11D3-BF4B-00C04F79EFBC}") = "EJERCICIO .8.8", "EJERCICIO .8.8\EJERCICIO .8.8.csproj", "{38561638-C378-4BFE-9196-8AC307EB4B65}"
EndProject
Global
	GlobalSection(SolutionConfigurationPlatforms) = preSolution
		Debug|Any CPU = Debug|Any CPU
		Release|Any CPU = Release|Any CPU
	EndGlobalSection
	GlobalSection(ProjectConfigurationPlatforms) = postSolution
		{38561638-C378-4BFE-9196-8AC307EB4B65}.Debug|Any CPU.ActiveCfg = Debug|Any CPU
		{38561638-C378-4BFE-9196-8AC307EB4B65}.Debug|Any CPU.Build.0 = Debug|Any CPU
		{38561638-C378-4BFE-9196-8AC307EB4B65}.Release|Any CPU.ActiveCfg = Release|Any CPU
		{38561638-C378-4BFE-9196-8AC307EB4B65}.Release|Any CPU.Build.0 = Release|Any CPU
	EndGlobalSection
	GlobalSection(SolutionProperties) = preSolution
		HideSolutionNode = FALSE
	EndGlobalSection
	GlobalSection(ExtensibilityGlobals) = postSolution
		SolutionGuid = {34D05599-5E4E-4D28-ADEB-63FCDB3F9659}
	EndGlobalSection
EndGlobal
